
Microsoft Visual Studio Solution File, Format Version 12.00
# Visual Studio Version 17
VisualStudioVersion = 17.14.36518.9 d17.14
MinimumVisualStudioVersion = 10.0.40219.1
Project("{FAE04EC0-301F-11D3-BF4B-00C04F79EFBC}") = "25 Menu", "25 Menu\25 Menu.csproj", "{0A901A15-089E-4CDA-9E83-06055A83630D}"
EndProject
Global
	GlobalSection(SolutionConfigurationPlatforms) = preSolution
		Debug|Any CPU = Debug|Any CPU
		Release|Any CPU = Release|Any CPU
	EndGlobalSection
	GlobalSection(ProjectConfigurationPlatforms) = postSolution
		{0A901A15-089E-4CDA-9E83-06055A83630D}.Debug|Any CPU.ActiveCfg = Debug|Any CPU
		{0A901A15-089E-4CDA-9E83-06055A83630D}.Debug|Any CPU.Build.0 = Debug|Any CPU
		{0A901A15-089E-4CDA-9E83-06055A83630D}.Release|Any CPU.ActiveCfg = Release|Any CPU
		{0A901A15-089E-4CDA-9E83-06055A83630D}.Release|Any CPU.Build.0 = Release|Any CPU
	EndGlobalSection
	GlobalSection(SolutionProperties) = preSolution
		HideSolutionNode = FALSE
	EndGlobalSection
	GlobalSection(ExtensibilityGlobals) = postSolution
		SolutionGuid = {74B49FA8-2F3D-4350-AAFF-F37CA676E412}
	EndGlobalSection
EndGlobal
