
Microsoft Visual Studio Solution File, Format Version 12.00
# Visual Studio Version 17
VisualStudioVersion = 17.14.36518.9 d17.14
MinimumVisualStudioVersion = 10.0.40219.1
Project("{FAE04EC0-301F-11D3-BF4B-00C04F79EFBC}") = "26 Menu Contextual", "26 Menu Contextual\26 Menu Contextual.csproj", "{90E42084-6D11-43E6-BF14-7436368FDDB4}"
EndProject
Global
	GlobalSection(SolutionConfigurationPlatforms) = preSolution
		Debug|Any CPU = Debug|Any CPU
		Release|Any CPU = Release|Any CPU
	EndGlobalSection
	GlobalSection(ProjectConfigurationPlatforms) = postSolution
		{90E42084-6D11-43E6-BF14-7436368FDDB4}.Debug|Any CPU.ActiveCfg = Debug|Any CPU
		{90E42084-6D11-43E6-BF14-7436368FDDB4}.Debug|Any CPU.Build.0 = Debug|Any CPU
		{90E42084-6D11-43E6-BF14-7436368FDDB4}.Release|Any CPU.ActiveCfg = Release|Any CPU
		{90E42084-6D11-43E6-BF14-7436368FDDB4}.Release|Any CPU.Build.0 = Release|Any CPU
	EndGlobalSection
	GlobalSection(SolutionProperties) = preSolution
		HideSolutionNode = FALSE
	EndGlobalSection
	GlobalSection(ExtensibilityGlobals) = postSolution
		SolutionGuid = {394AAEDD-7B2F-4373-9509-FA162EFF206A}
	EndGlobalSection
EndGlobal
