
Microsoft Visual Studio Solution File, Format Version 12.00
# Visual Studio Version 17
VisualStudioVersion = 17.12.35527.113 d17.12
MinimumVisualStudioVersion = 10.0.40219.1
Project("{FAE04EC0-301F-11D3-BF4B-00C04F79EFBC}") = "imagen border responsive", "imagen border responsive\imagen border responsive.csproj", "{CD216501-B9BF-43D5-A0A4-DDA6DFCD32F8}"
EndProject
Project("{2150E333-8FDC-42A3-9474-1A3956D46DE8}") = "Images", "Images", "{72A018F0-F6CF-44B8-B9B5-CA7D4FBD12EC}"
EndProject
Global
	GlobalSection(SolutionConfigurationPlatforms) = preSolution
		Debug|Any CPU = Debug|Any CPU
		Release|Any CPU = Release|Any CPU
	EndGlobalSection
	GlobalSection(ProjectConfigurationPlatforms) = postSolution
		{CD216501-B9BF-43D5-A0A4-DDA6DFCD32F8}.Debug|Any CPU.ActiveCfg = Debug|Any CPU
		{CD216501-B9BF-43D5-A0A4-DDA6DFCD32F8}.Debug|Any CPU.Build.0 = Debug|Any CPU
		{CD216501-B9BF-43D5-A0A4-DDA6DFCD32F8}.Release|Any CPU.ActiveCfg = Release|Any CPU
		{CD216501-B9BF-43D5-A0A4-DDA6DFCD32F8}.Release|Any CPU.Build.0 = Release|Any CPU
	EndGlobalSection
	GlobalSection(SolutionProperties) = preSolution
		HideSolutionNode = FALSE
	EndGlobalSection
EndGlobal
