
Microsoft Visual Studio Solution File, Format Version 12.00
# Visual Studio Version 17
VisualStudioVersion = 17.14.36518.9 d17.14
MinimumVisualStudioVersion = 10.0.40219.1
Project("{FAE04EC0-301F-11D3-BF4B-00C04F79EFBC}") = "21 DockPanel", "21 DockPanel\21 DockPanel.csproj", "{CEC6755B-1A45-4ECF-9E4D-3E569EC30069}"
EndProject
Global
	GlobalSection(SolutionConfigurationPlatforms) = preSolution
		Debug|Any CPU = Debug|Any CPU
		Release|Any CPU = Release|Any CPU
	EndGlobalSection
	GlobalSection(ProjectConfigurationPlatforms) = postSolution
		{CEC6755B-1A45-4ECF-9E4D-3E569EC30069}.Debug|Any CPU.ActiveCfg = Debug|Any CPU
		{CEC6755B-1A45-4ECF-9E4D-3E569EC30069}.Debug|Any CPU.Build.0 = Debug|Any CPU
		{CEC6755B-1A45-4ECF-9E4D-3E569EC30069}.Release|Any CPU.ActiveCfg = Release|Any CPU
		{CEC6755B-1A45-4ECF-9E4D-3E569EC30069}.Release|Any CPU.Build.0 = Release|Any CPU
	EndGlobalSection
	GlobalSection(SolutionProperties) = preSolution
		HideSolutionNode = FALSE
	EndGlobalSection
	GlobalSection(ExtensibilityGlobals) = postSolution
		SolutionGuid = {1FFC0D85-7983-407E-A369-C3CDEF86508C}
	EndGlobalSection
EndGlobal
