
Microsoft Visual Studio Solution File, Format Version 12.00
# Visual Studio Version 17
VisualStudioVersion = 17.14.36518.9 d17.14
MinimumVisualStudioVersion = 10.0.40219.1
Project("{FAE04EC0-301F-11D3-BF4B-00C04F79EFBC}") = "23 GridPanel II", "23 GridPanel II\23 GridPanel II.csproj", "{DABBD13D-1F20-491E-BEC7-6F8B7F891D80}"
EndProject
Global
	GlobalSection(SolutionConfigurationPlatforms) = preSolution
		Debug|Any CPU = Debug|Any CPU
		Release|Any CPU = Release|Any CPU
	EndGlobalSection
	GlobalSection(ProjectConfigurationPlatforms) = postSolution
		{DABBD13D-1F20-491E-BEC7-6F8B7F891D80}.Debug|Any CPU.ActiveCfg = Debug|Any CPU
		{DABBD13D-1F20-491E-BEC7-6F8B7F891D80}.Debug|Any CPU.Build.0 = Debug|Any CPU
		{DABBD13D-1F20-491E-BEC7-6F8B7F891D80}.Release|Any CPU.ActiveCfg = Release|Any CPU
		{DABBD13D-1F20-491E-BEC7-6F8B7F891D80}.Release|Any CPU.Build.0 = Release|Any CPU
	EndGlobalSection
	GlobalSection(SolutionProperties) = preSolution
		HideSolutionNode = FALSE
	EndGlobalSection
	GlobalSection(ExtensibilityGlobals) = postSolution
		SolutionGuid = {BDE314BF-5D7D-4FF3-933E-C7548D6B8708}
	EndGlobalSection
EndGlobal
